
Microsoft Visual Studio Solution File, Format Version 12.00
# Visual Studio 15
VisualStudioVersion = 15.0.28307.645
MinimumVisualStudioVersion = 10.0.40219.1
Project("{FAE04EC0-301F-11D3-BF4B-00C04F79EFBC}") = "DeepZoom.TestApplication", "DeepZoom.TestApplication\DeepZoom.TestApplication.csproj", "{56843E77-7640-4A7C-97A3-CE2985F13E5D}"
EndProject
Project("{FAE04EC0-301F-11D3-BF4B-00C04F79EFBC}") = "DeepZoom", "DeepZoom\DeepZoom.csproj", "{3B68BEDB-6A68-463C-A9FB-DD2892B58507}"
EndProject
Global
	GlobalSection(SolutionConfigurationPlatforms) = preSolution
		Debug|Any CPU = Debug|Any CPU
		Debug|Mixed Platforms = Debug|Mixed Platforms
		Debug|x86 = Debug|x86
		Release|Any CPU = Release|Any CPU
		Release|Mixed Platforms = Release|Mixed Platforms
		Release|x86 = Release|x86
	EndGlobalSection
	GlobalSection(ProjectConfigurationPlatforms) = postSolution
		{56843E77-7640-4A7C-97A3-CE2985F13E5D}.Debug|Any CPU.ActiveCfg = Debug|x86
		{56843E77-7640-4A7C-97A3-CE2985F13E5D}.Debug|Mixed Platforms.ActiveCfg = Debug|x86
		{56843E77-7640-4A7C-97A3-CE2985F13E5D}.Debug|Mixed Platforms.Build.0 = Debug|x86
		{56843E77-7640-4A7C-97A3-CE2985F13E5D}.Debug|x86.ActiveCfg = Debug|x86
		{56843E77-7640-4A7C-97A3-CE2985F13E5D}.Debug|x86.Build.0 = Debug|x86
		{56843E77-7640-4A7C-97A3-CE2985F13E5D}.Release|Any CPU.ActiveCfg = Release|x86
		{56843E77-7640-4A7C-97A3-CE2985F13E5D}.Release|Mixed Platforms.ActiveCfg = Release|x86
		{56843E77-7640-4A7C-97A3-CE2985F13E5D}.Release|Mixed Platforms.Build.0 = Release|x86
		{56843E77-7640-4A7C-97A3-CE2985F13E5D}.Release|x86.ActiveCfg = Release|x86
		{56843E77-7640-4A7C-97A3-CE2985F13E5D}.Release|x86.Build.0 = Release|x86
		{3B68BEDB-6A68-463C-A9FB-DD2892B58507}.Debug|Any CPU.ActiveCfg = Debug|Any CPU
		{3B68BEDB-6A68-463C-A9FB-DD2892B58507}.Debug|Any CPU.Build.0 = Debug|Any CPU
		{3B68BEDB-6A68-463C-A9FB-DD2892B58507}.Debug|Mixed Platforms.ActiveCfg = Debug|Any CPU
		{3B68BEDB-6A68-463C-A9FB-DD2892B58507}.Debug|Mixed Platforms.Build.0 = Debug|Any CPU
		{3B68BEDB-6A68-463C-A9FB-DD2892B58507}.Debug|x86.ActiveCfg = Debug|Any CPU
		{3B68BEDB-6A68-463C-A9FB-DD2892B58507}.Release|Any CPU.ActiveCfg = Release|Any CPU
		{3B68BEDB-6A68-463C-A9FB-DD2892B58507}.Release|Any CPU.Build.0 = Release|Any CPU
		{3B68BEDB-6A68-463C-A9FB-DD2892B58507}.Release|Mixed Platforms.ActiveCfg = Release|Any CPU
		{3B68BEDB-6A68-463C-A9FB-DD2892B58507}.Release|Mixed Platforms.Build.0 = Release|Any CPU
		{3B68BEDB-6A68-463C-A9FB-DD2892B58507}.Release|x86.ActiveCfg = Release|Any CPU
	EndGlobalSection
	GlobalSection(SolutionProperties) = preSolution
		HideSolutionNode = FALSE
	EndGlobalSection
	GlobalSection(ExtensibilityGlobals) = postSolution
		SolutionGuid = {50CD1388-EEAF-4256-BCDF-46B2F78924CA}
	EndGlobalSection
EndGlobal
